
Microsoft Visual Studio Solution File, Format Version 12.00
# Visual Studio Version 16
VisualStudioVersion = 25.0.1705.7
MinimumVisualStudioVersion = 10.0.40219.1
Project("{FAE04EC0-301F-11D3-BF4B-00C04F79EFBC}") = "BulkyWeb", "BulkyWeb\BulkyWeb.csproj", "{CE648DEB-7A2B-40D8-AB2B-F6BC190F4E18}"
EndProject
Global
	GlobalSection(SolutionConfigurationPlatforms) = preSolution
		Debug|Any CPU = Debug|Any CPU
		Release|Any CPU = Release|Any CPU
	EndGlobalSection
	GlobalSection(ProjectConfigurationPlatforms) = postSolution
		{CE648DEB-7A2B-40D8-AB2B-F6BC190F4E18}.Debug|Any CPU.ActiveCfg = Debug|Any CPU
		{CE648DEB-7A2B-40D8-AB2B-F6BC190F4E18}.Debug|Any CPU.Build.0 = Debug|Any CPU
		{CE648DEB-7A2B-40D8-AB2B-F6BC190F4E18}.Release|Any CPU.ActiveCfg = Release|Any CPU
		{CE648DEB-7A2B-40D8-AB2B-F6BC190F4E18}.Release|Any CPU.Build.0 = Release|Any CPU
	EndGlobalSection
	GlobalSection(SolutionProperties) = preSolution
		HideSolutionNode = FALSE
	EndGlobalSection
	GlobalSection(ExtensibilityGlobals) = postSolution
		SolutionGuid = {89BD906D-6408-42B3-9C69-A90A3236ECD9}
	EndGlobalSection
EndGlobal
